
Microsoft Visual Studio Solution File, Format Version 12.00
# Visual Studio 2013
VisualStudioVersion = 12.0.21005.1
MinimumVisualStudioVersion = 10.0.40219.1
Project("{FAE04EC0-301F-11D3-BF4B-00C04F79EFBC}") = "Dominio", "dominio\Dominio.csproj", "{4C548C08-E3AD-4146-A9F5-7076514C3005}"
EndProject
Project("{FAE04EC0-301F-11D3-BF4B-00C04F79EFBC}") = "AccesoDatos", "AccesoDatos\AccesoDatos.csproj", "{7ED1F385-2271-42F3-8683-B03FF98AD3D5}"
	ProjectSection(ProjectDependencies) = postProject
		{4C548C08-E3AD-4146-A9F5-7076514C3005} = {4C548C08-E3AD-4146-A9F5-7076514C3005}
	EndProjectSection
EndProject
Project("{FAE04EC0-301F-11D3-BF4B-00C04F79EFBC}") = "ConsolaTesting", "ConsolaTesting\ConsolaTesting.csproj", "{253416A1-D690-468C-BCF6-7364C0F826BB}"
EndProject
Project("{FAE04EC0-301F-11D3-BF4B-00C04F79EFBC}") = "Repositorios", "Repositorios\Repositorios.csproj", "{8C1B1443-F647-4AA1-907A-2CB716E80993}"
EndProject
Project("{FAE04EC0-301F-11D3-BF4B-00C04F79EFBC}") = "ASPMVC", "ASPMVC\ASPMVC.csproj", "{3014239A-52E7-4C17-A93B-B1497D91C1DC}"
EndProject
Project("{FAE04EC0-301F-11D3-BF4B-00C04F79EFBC}") = "ASPMVC.Tests", "ASPMVC.Tests\ASPMVC.Tests.csproj", "{449EF972-60D0-4130-992B-EA9FAC6E85F4}"
EndProject
Project("{2150E333-8FDC-42A3-9474-1A3956D46DE8}") = "Dominio", "Dominio", "{1F6A5285-7C14-48C6-B060-A57F3E8891F6}"
EndProject
Project("{2150E333-8FDC-42A3-9474-1A3956D46DE8}") = "AccesoDatos", "AccesoDatos", "{47B75B63-9B9B-428A-A9A4-C35B9EBE1093}"
EndProject
Project("{2150E333-8FDC-42A3-9474-1A3956D46DE8}") = "Modelos", "Modelos", "{03CEFCA2-9E71-4B2C-80EE-3810EE07E155}"
EndProject
Project("{2150E333-8FDC-42A3-9474-1A3956D46DE8}") = "Aplicacion", "Aplicacion", "{1F460DA4-7812-4C47-8BD8-23034675AC63}"
EndProject
Project("{2150E333-8FDC-42A3-9474-1A3956D46DE8}") = "Presentacion", "Presentacion", "{D6142084-23EE-4C4F-988A-413EB9414CEF}"
EndProject
Global
	GlobalSection(SolutionConfigurationPlatforms) = preSolution
		Debug|Any CPU = Debug|Any CPU
		Release|Any CPU = Release|Any CPU
	EndGlobalSection
	GlobalSection(ProjectConfigurationPlatforms) = postSolution
		{4C548C08-E3AD-4146-A9F5-7076514C3005}.Debug|Any CPU.ActiveCfg = Debug|Any CPU
		{4C548C08-E3AD-4146-A9F5-7076514C3005}.Debug|Any CPU.Build.0 = Debug|Any CPU
		{4C548C08-E3AD-4146-A9F5-7076514C3005}.Release|Any CPU.ActiveCfg = Release|Any CPU
		{4C548C08-E3AD-4146-A9F5-7076514C3005}.Release|Any CPU.Build.0 = Release|Any CPU
		{7ED1F385-2271-42F3-8683-B03FF98AD3D5}.Debug|Any CPU.ActiveCfg = Debug|Any CPU
		{7ED1F385-2271-42F3-8683-B03FF98AD3D5}.Debug|Any CPU.Build.0 = Debug|Any CPU
		{7ED1F385-2271-42F3-8683-B03FF98AD3D5}.Release|Any CPU.ActiveCfg = Release|Any CPU
		{7ED1F385-2271-42F3-8683-B03FF98AD3D5}.Release|Any CPU.Build.0 = Release|Any CPU
		{253416A1-D690-468C-BCF6-7364C0F826BB}.Debug|Any CPU.ActiveCfg = Debug|Any CPU
		{253416A1-D690-468C-BCF6-7364C0F826BB}.Debug|Any CPU.Build.0 = Debug|Any CPU
		{253416A1-D690-468C-BCF6-7364C0F826BB}.Release|Any CPU.ActiveCfg = Release|Any CPU
		{253416A1-D690-468C-BCF6-7364C0F826BB}.Release|Any CPU.Build.0 = Release|Any CPU
		{8C1B1443-F647-4AA1-907A-2CB716E80993}.Debug|Any CPU.ActiveCfg = Debug|Any CPU
		{8C1B1443-F647-4AA1-907A-2CB716E80993}.Debug|Any CPU.Build.0 = Debug|Any CPU
		{8C1B1443-F647-4AA1-907A-2CB716E80993}.Release|Any CPU.ActiveCfg = Release|Any CPU
		{8C1B1443-F647-4AA1-907A-2CB716E80993}.Release|Any CPU.Build.0 = Release|Any CPU
		{3014239A-52E7-4C17-A93B-B1497D91C1DC}.Debug|Any CPU.ActiveCfg = Debug|Any CPU
		{3014239A-52E7-4C17-A93B-B1497D91C1DC}.Debug|Any CPU.Build.0 = Debug|Any CPU
		{3014239A-52E7-4C17-A93B-B1497D91C1DC}.Release|Any CPU.ActiveCfg = Release|Any CPU
		{3014239A-52E7-4C17-A93B-B1497D91C1DC}.Release|Any CPU.Build.0 = Release|Any CPU
		{449EF972-60D0-4130-992B-EA9FAC6E85F4}.Debug|Any CPU.ActiveCfg = Debug|Any CPU
		{449EF972-60D0-4130-992B-EA9FAC6E85F4}.Debug|Any CPU.Build.0 = Debug|Any CPU
		{449EF972-60D0-4130-992B-EA9FAC6E85F4}.Release|Any CPU.ActiveCfg = Release|Any CPU
		{449EF972-60D0-4130-992B-EA9FAC6E85F4}.Release|Any CPU.Build.0 = Release|Any CPU
	EndGlobalSection
	GlobalSection(SolutionProperties) = preSolution
		HideSolutionNode = FALSE
	EndGlobalSection
	GlobalSection(NestedProjects) = preSolution
		{47B75B63-9B9B-428A-A9A4-C35B9EBE1093} = {1F6A5285-7C14-48C6-B060-A57F3E8891F6}
		{03CEFCA2-9E71-4B2C-80EE-3810EE07E155} = {1F6A5285-7C14-48C6-B060-A57F3E8891F6}
		{7ED1F385-2271-42F3-8683-B03FF98AD3D5} = {47B75B63-9B9B-428A-A9A4-C35B9EBE1093}
		{4C548C08-E3AD-4146-A9F5-7076514C3005} = {03CEFCA2-9E71-4B2C-80EE-3810EE07E155}
		{8C1B1443-F647-4AA1-907A-2CB716E80993} = {1F460DA4-7812-4C47-8BD8-23034675AC63}
		{3014239A-52E7-4C17-A93B-B1497D91C1DC} = {D6142084-23EE-4C4F-988A-413EB9414CEF}
		{449EF972-60D0-4130-992B-EA9FAC6E85F4} = {D6142084-23EE-4C4F-988A-413EB9414CEF}
	EndGlobalSection
EndGlobal
