
Microsoft Visual Studio Solution File, Format Version 12.00
# Visual Studio 2013
VisualStudioVersion = 12.0.21005.1
MinimumVisualStudioVersion = 10.0.40219.1
Project("{FAE04EC0-301F-11D3-BF4B-00C04F79EFBC}") = "Dominio", "dominio\Dominio.csproj", "{4C548C08-E3AD-4146-A9F5-7076514C3005}"
EndProject
Project("{FAE04EC0-301F-11D3-BF4B-00C04F79EFBC}") = "AccesoDatos", "AccesoDatos\AccesoDatos.csproj", "{7ED1F385-2271-42F3-8683-B03FF98AD3D5}"
	ProjectSection(ProjectDependencies) = postProject
		{4C548C08-E3AD-4146-A9F5-7076514C3005} = {4C548C08-E3AD-4146-A9F5-7076514C3005}
	EndProjectSection
EndProject
Project("{FAE04EC0-301F-11D3-BF4B-00C04F79EFBC}") = "ConsolaTesting", "ConsolaTesting\ConsolaTesting.csproj", "{253416A1-D690-468C-BCF6-7364C0F826BB}"
EndProject
Global
	GlobalSection(SolutionConfigurationPlatforms) = preSolution
		Debug|Any CPU = Debug|Any CPU
		Release|Any CPU = Release|Any CPU
	EndGlobalSection
	GlobalSection(ProjectConfigurationPlatforms) = postSolution
		{4C548C08-E3AD-4146-A9F5-7076514C3005}.Debug|Any CPU.ActiveCfg = Debug|Any CPU
		{4C548C08-E3AD-4146-A9F5-7076514C3005}.Debug|Any CPU.Build.0 = Debug|Any CPU
		{4C548C08-E3AD-4146-A9F5-7076514C3005}.Release|Any CPU.ActiveCfg = Release|Any CPU
		{4C548C08-E3AD-4146-A9F5-7076514C3005}.Release|Any CPU.Build.0 = Release|Any CPU
		{7ED1F385-2271-42F3-8683-B03FF98AD3D5}.Debug|Any CPU.ActiveCfg = Debug|Any CPU
		{7ED1F385-2271-42F3-8683-B03FF98AD3D5}.Debug|Any CPU.Build.0 = Debug|Any CPU
		{7ED1F385-2271-42F3-8683-B03FF98AD3D5}.Release|Any CPU.ActiveCfg = Release|Any CPU
		{7ED1F385-2271-42F3-8683-B03FF98AD3D5}.Release|Any CPU.Build.0 = Release|Any CPU
		{253416A1-D690-468C-BCF6-7364C0F826BB}.Debug|Any CPU.ActiveCfg = Debug|Any CPU
		{253416A1-D690-468C-BCF6-7364C0F826BB}.Debug|Any CPU.Build.0 = Debug|Any CPU
		{253416A1-D690-468C-BCF6-7364C0F826BB}.Release|Any CPU.ActiveCfg = Release|Any CPU
		{253416A1-D690-468C-BCF6-7364C0F826BB}.Release|Any CPU.Build.0 = Release|Any CPU
	EndGlobalSection
	GlobalSection(SolutionProperties) = preSolution
		HideSolutionNode = FALSE
	EndGlobalSection
EndGlobal
